// !$*UTF8*$!
{
	archiveVersion = 1;
	classes = {
	};
	objectVersion = 46;
	objects = {

/* Begin PBXBuildFile section */
		FE27E69A1E3B9A4100C3F6F7 /* Controller.cpp in Sources */ = {isa = PBXBuildFile; fileRef = FE27E6981E3B9A4100C3F6F7 /* Controller.cpp */; };
		FE27E69C1E3B9A7600C3F6F7 /* Runner.cpp in Sources */ = {isa = PBXBuildFile; fileRef = FE27E69B1E3B9A7600C3F6F7 /* Runner.cpp */; };
		FEE458661E40EC8B0054C29E /* Timer.cpp in Sources */ = {isa = PBXBuildFile; fileRef = FEE458641E40EC8B0054C29E /* Timer.cpp */; };
/* End PBXBuildFile section */

/* Begin PBXCopyFilesBuildPhase section */
		FE27E68A1E3B992100C3F6F7 /* CopyFiles */ = {
			isa = PBXCopyFilesBuildPhase;
			buildActionMask = 2147483647;
			dstPath = /usr/share/man/man1/;
			dstSubfolderSpec = 0;
			files = (
			);
			runOnlyForDeploymentPostprocessing = 1;
		};
/* End PBXCopyFilesBuildPhase section */

/* Begin PBXFileReference section */
		FE27E68C1E3B992200C3F6F7 /* SecondC++Project */ = {isa = PBXFileReference; explicitFileType = "compiled.mach-o.executable"; includeInIndex = 0; path = "SecondC++Project"; sourceTree = BUILT_PRODUCTS_DIR; };
		FE27E6971E3B9A1500C3F6F7 /* Controller.h */ = {isa = PBXFileReference; lastKnownFileType = sourcecode.c.h; path = Controller.h; sourceTree = "<group>"; };
		FE27E6981E3B9A4100C3F6F7 /* Controller.cpp */ = {isa = PBXFileReference; fileEncoding = 4; lastKnownFileType = sourcecode.cpp.cpp; path = Controller.cpp; sourceTree = "<group>"; };
		FE27E69B1E3B9A7600C3F6F7 /* Runner.cpp */ = {isa = PBXFileReference; fileEncoding = 4; lastKnownFileType = sourcecode.cpp.cpp; path = Runner.cpp; sourceTree = "<group>"; };
		FEE458641E40EC8B0054C29E /* Timer.cpp */ = {isa = PBXFileReference; fileEncoding = 4; lastKnownFileType = sourcecode.cpp.cpp; path = Timer.cpp; sourceTree = "<group>"; };
		FEE458651E40EC8B0054C29E /* Timer.hpp */ = {isa = PBXFileReference; fileEncoding = 4; lastKnownFileType = sourcecode.cpp.h; path = Timer.hpp; sourceTree = "<group>"; };
/* End PBXFileReference section */

/* Begin PBXFrameworksBuildPhase section */
		FE27E6891E3B992100C3F6F7 /* Frameworks */ = {
			isa = PBXFrameworksBuildPhase;
			buildActionMask = 2147483647;
			files = (
			);
			runOnlyForDeploymentPostprocessing = 0;
		};
/* End PBXFrameworksBuildPhase section */

/* Begin PBXGroup section */
		FE27E6831E3B992100C3F6F7 = {
			isa = PBXGroup;
			children = (
				FE27E68E1E3B992200C3F6F7 /* SecondC++Project */,
				FE27E68D1E3B992200C3F6F7 /* Products */,
			);
			sourceTree = "<group>";
		};
		FE27E68D1E3B992200C3F6F7 /* Products */ = {
			isa = PBXGroup;
			children = (
				FE27E68C1E3B992200C3F6F7 /* SecondC++Project */,
			);
			name = Products;
			sourceTree = "<group>";
		};
		FE27E68E1E3B992200C3F6F7 /* SecondC++Project */ = {
			isa = PBXGroup;
			children = (
				FEE458631E40EC6E0054C29E /* Model */,
				FE27E6961E3B99F600C3F6F7 /* Controller */,
			);
			path = "SecondC++Project";
			sourceTree = "<group>";
		};
		FE27E6961E3B99F600C3F6F7 /* Controller */ = {
			isa = PBXGroup;
			children = (
				FE27E6981E3B9A4100C3F6F7 /* Controller.cpp */,
				FE27E69B1E3B9A7600C3F6F7 /* Runner.cpp */,
				FE27E6971E3B9A1500C3F6F7 /* Controller.h */,
			);
			name = Controller;
			sourceTree = "<group>";
		};
		FEE458631E40EC6E0054C29E /* Model */ = {
			isa = PBXGroup;
			children = (
				FEE458641E40EC8B0054C29E /* Timer.cpp */,
				FEE458651E40EC8B0054C29E /* Timer.hpp */,
			);
			name = Model;
			sourceTree = "<group>";
		};
/* End PBXGroup section */

/* Begin PBXNativeTarget section */
		FE27E68B1E3B992100C3F6F7 /* SecondC++Project */ = {
			isa = PBXNativeTarget;
			buildConfigurationList = FE27E6931E3B992200C3F6F7 /* Build configuration list for PBXNativeTarget "SecondC++Project" */;
			buildPhases = (
				FE27E6881E3B992100C3F6F7 /* Sources */,
				FE27E6891E3B992100C3F6F7 /* Frameworks */,
				FE27E68A1E3B992100C3F6F7 /* CopyFiles */,
			);
			buildRules = (
			);
			dependencies = (
			);
			name = "SecondC++Project";
			productName = "SecondC++Project";
			productReference = FE27E68C1E3B992200C3F6F7 /* SecondC++Project */;
			productType = "com.apple.product-type.tool";
		};
/* End PBXNativeTarget section */

/* Begin PBXProject section */
		FE27E6841E3B992100C3F6F7 /* Project object */ = {
			isa = PBXProject;
			attributes = {
				LastUpgradeCheck = 0810;
				ORGANIZATIONNAME = "Nazir, Ammar";
				TargetAttributes = {
					FE27E68B1E3B992100C3F6F7 = {
						CreatedOnToolsVersion = 8.1;
						ProvisioningStyle = Automatic;
					};
				};
			};
			buildConfigurationList = FE27E6871E3B992100C3F6F7 /* Build configuration list for PBXProject "SecondC++Project" */;
			compatibilityVersion = "Xcode 3.2";
			developmentRegion = English;
			hasScannedForEncodings = 0;
			knownRegions = (
				en,
			);
			mainGroup = FE27E6831E3B992100C3F6F7;
			productRefGroup = FE27E68D1E3B992200C3F6F7 /* Products */;
			projectDirPath = "";
			projectRoot = "";
			targets = (
				FE27E68B1E3B992100C3F6F7 /* SecondC++Project */,
			);
		};
/* End PBXProject section */

/* Begin PBXSourcesBuildPhase section */
		FE27E6881E3B992100C3F6F7 /* Sources */ = {
			isa = PBXSourcesBuildPhase;
			buildActionMask = 2147483647;
			files = (
				FEE458661E40EC8B0054C29E /* Timer.cpp in Sources */,
				FE27E69A1E3B9A4100C3F6F7 /* Controller.cpp in Sources */,
				FE27E69C1E3B9A7600C3F6F7 /* Runner.cpp in Sources */,
			);
			runOnlyForDeploymentPostprocessing = 0;
		};
/* End PBXSourcesBuildPhase section */

/* Begin XCBuildConfiguration section */
		FE27E6911E3B992200C3F6F7 /* Debug */ = {
			isa = XCBuildConfiguration;
			buildSettings = {
				ALWAYS_SEARCH_USER_PATHS = NO;
				CLANG_ANALYZER_NONNULL = YES;
				CLANG_CXX_LANGUAGE_STANDARD = "gnu++0x";
				CLANG_CXX_LIBRARY = "libc++";
				CLANG_ENABLE_MODULES = YES;
				CLANG_ENABLE_OBJC_ARC = YES;
				CLANG_WARN_BOOL_CONVERSION = YES;
				CLANG_WARN_CONSTANT_CONVERSION = YES;
				CLANG_WARN_DIRECT_OBJC_ISA_USAGE = YES_ERROR;
				CLANG_WARN_DOCUMENTATION_COMMENTS = YES;
				CLANG_WARN_EMPTY_BODY = YES;
				CLANG_WARN_ENUM_CONVERSION = YES;
				CLANG_WARN_INFINITE_RECURSION = YES;
				CLANG_WARN_INT_CONVERSION = YES;
				CLANG_WARN_OBJC_ROOT_CLASS = YES_ERROR;
				CLANG_WARN_SUSPICIOUS_MOVES = YES;
				CLANG_WARN_UNREACHABLE_CODE = YES;
				CLANG_WARN__DUPLICATE_METHOD_MATCH = YES;
				CODE_SIGN_IDENTITY = "-";
				COPY_PHASE_STRIP = NO;
				DEBUG_INFORMATION_FORMAT = dwarf;
				ENABLE_STRICT_OBJC_MSGSEND = YES;
				ENABLE_TESTABILITY = YES;
				GCC_C_LANGUAGE_STANDARD = gnu99;
				GCC_DYNAMIC_NO_PIC = NO;
				GCC_NO_COMMON_BLOCKS = YES;
				GCC_OPTIMIZATION_LEVEL = 0;
				GCC_PREPROCESSOR_DEFINITIONS = (
					"DEBUG=1",
					"$(inherited)",
				);
				GCC_WARN_64_TO_32_BIT_CONVERSION = YES;
				GCC_WARN_ABOUT_RETURN_TYPE = YES_ERROR;
				GCC_WARN_UNDECLARED_SELECTOR = YES;
				GCC_WARN_UNINITIALIZED_AUTOS = YES_AGGRESSIVE;
				GCC_WARN_UNUSED_FUNCTION = YES;
				GCC_WARN_UNUSED_VARIABLE = YES;
				MACOSX_DEPLOYMENT_TARGET = 10.11;
				MTL_ENABLE_DEBUG_INFO = YES;
				ONLY_ACTIVE_ARCH = YES;
				SDKROOT = macosx;
			};
			name = Debug;
		};
		FE27E6921E3B992200C3F6F7 /* Release */ = {
			isa = XCBuildConfiguration;
			buildSettings = {
				ALWAYS_SEARCH_USER_PATHS = NO;
				CLANG_ANALYZER_NONNULL = YES;
				CLANG_CXX_LANGUAGE_STANDARD = "gnu++0x";
				CLANG_CXX_LIBRARY = "libc++";
				CLANG_ENABLE_MODULES = YES;
				CLANG_ENABLE_OBJC_ARC = YES;
				CLANG_WARN_BOOL_CONVERSION = YES;
				CLANG_WARN_CONSTANT_CONVERSION = YES;
				CLANG_WARN_DIRECT_OBJC_ISA_USAGE = YES_ERROR;
				CLANG_WARN_DOCUMENTATION_COMMENTS = YES;
				CLANG_WARN_EMPTY_BODY = YES;
				CLANG_WARN_ENUM_CONVERSION = YES;
				CLANG_WARN_INFINITE_RECURSION = YES;
				CLANG_WARN_INT_CONVERSION = YES;
				CLANG_WARN_OBJC_ROOT_CLASS = YES_ERROR;
				CLANG_WARN_SUSPICIOUS_MOVES = YES;
				CLANG_WARN_UNREACHABLE_CODE = YES;
				CLANG_WARN__DUPLICATE_METHOD_MATCH = YES;
				CODE_SIGN_IDENTITY = "-";
				COPY_PHASE_STRIP = NO;
				DEBUG_INFORMATION_FORMAT = "dwarf-with-dsym";
				ENABLE_NS_ASSERTIONS = NO;
				ENABLE_STRICT_OBJC_MSGSEND = YES;
				GCC_C_LANGUAGE_STANDARD = gnu99;
				GCC_NO_COMMON_BLOCKS = YES;
				GCC_WARN_64_TO_32_BIT_CONVERSION = YES;
				GCC_WARN_ABOUT_RETURN_TYPE = YES_ERROR;
				GCC_WARN_UNDECLARED_SELECTOR = YES;
				GCC_WARN_UNINITIALIZED_AUTOS = YES_AGGRESSIVE;
				GCC_WARN_UNUSED_FUNCTION = YES;
				GCC_WARN_UNUSED_VARIABLE = YES;
				MACOSX_DEPLOYMENT_TARGET = 10.11;
				MTL_ENABLE_DEBUG_INFO = NO;
				SDKROOT = macosx;
			};
			name = Release;
		};
		FE27E6941E3B992200C3F6F7 /* Debug */ = {
			isa = XCBuildConfiguration;
			buildSettings = {
				PRODUCT_NAME = "$(TARGET_NAME)";
			};
			name = Debug;
		};
		FE27E6951E3B992200C3F6F7 /* Release */ = {
			isa = XCBuildConfiguration;
			buildSettings = {
				PRODUCT_NAME = "$(TARGET_NAME)";
			};
			name = Release;
		};
/* End XCBuildConfiguration section */

/* Begin XCConfigurationList section */
		FE27E6871E3B992100C3F6F7 /* Build configuration list for PBXProject "SecondC++Project" */ = {
			isa = XCConfigurationList;
			buildConfigurations = (
				FE27E6911E3B992200C3F6F7 /* Debug */,
				FE27E6921E3B992200C3F6F7 /* Release */,
			);
			defaultConfigurationIsVisible = 0;
			defaultConfigurationName = Release;
		};
		FE27E6931E3B992200C3F6F7 /* Build configuration list for PBXNativeTarget "SecondC++Project" */ = {
			isa = XCConfigurationList;
			buildConfigurations = (
				FE27E6941E3B992200C3F6F7 /* Debug */,
				FE27E6951E3B992200C3F6F7 /* Release */,
			);
			defaultConfigurationIsVisible = 0;
			defaultConfigurationName = Release;
		};
/* End XCConfigurationList section */
	};
	rootObject = FE27E6841E3B992100C3F6F7 /* Project object */;
}
